
Microsoft Visual Studio Solution File, Format Version 12.00
# Visual Studio Version 16
VisualStudioVersion = 16.0.29519.87
MinimumVisualStudioVersion = 10.0.40219.1
Project("{FAE04EC0-301F-11D3-BF4B-00C04F79EFBC}") = "Triplicata.Core", "Triplicata.Core\Triplicata.Core.csproj", "{7BB53E01-2D86-4DA1-912B-149FE31F58AD}"
EndProject
Global
	GlobalSection(SolutionConfigurationPlatforms) = preSolution
		Debug|Any CPU = Debug|Any CPU
		Release|Any CPU = Release|Any CPU
	EndGlobalSection
	GlobalSection(ProjectConfigurationPlatforms) = postSolution
		{7BB53E01-2D86-4DA1-912B-149FE31F58AD}.Debug|Any CPU.ActiveCfg = Debug|Any CPU
		{7BB53E01-2D86-4DA1-912B-149FE31F58AD}.Debug|Any CPU.Build.0 = Debug|Any CPU
		{7BB53E01-2D86-4DA1-912B-149FE31F58AD}.Release|Any CPU.ActiveCfg = Release|Any CPU
		{7BB53E01-2D86-4DA1-912B-149FE31F58AD}.Release|Any CPU.Build.0 = Release|Any CPU
	EndGlobalSection
	GlobalSection(SolutionProperties) = preSolution
		HideSolutionNode = FALSE
	EndGlobalSection
	GlobalSection(ExtensibilityGlobals) = postSolution
		SolutionGuid = {99644D86-C366-4A54-AE44-E4D155C35BD3}
	EndGlobalSection
EndGlobal
